
Microsoft Visual Studio Solution File, Format Version 11.00
# Visual Studio 2010
Project("{FAE04EC0-301F-11D3-BF4B-00C04F79EFBC}") = "ClassLibrary1", "ClassLibrary1\ClassLibrary1.csproj", "{23FC8B4E-EE8D-4D35-B71A-0E52CB8FB9C6}"
EndProject
Global
	GlobalSection(SourceCodeControl) = preSolution
		SccNumberOfProjects = 2
		SccProjectUniqueName0 = ClassLibrary1\\ClassLibrary1.csproj
		SccProjectName0 = \u0022$/test\u0020project/ClassLibrary1\u0022,\u0020GAAAAAAA
		SccLocalPath0 = ClassLibrary1
		SccLocalPath1 = .
	EndGlobalSection
	GlobalSection(SolutionConfigurationPlatforms) = preSolution
		Debug|Any CPU = Debug|Any CPU
		Release|Any CPU = Release|Any CPU
	EndGlobalSection
	GlobalSection(ProjectConfigurationPlatforms) = postSolution
		{23FC8B4E-EE8D-4D35-B71A-0E52CB8FB9C6}.Debug|Any CPU.ActiveCfg = Debug|Any CPU
		{23FC8B4E-EE8D-4D35-B71A-0E52CB8FB9C6}.Debug|Any CPU.Build.0 = Debug|Any CPU
		{23FC8B4E-EE8D-4D35-B71A-0E52CB8FB9C6}.Release|Any CPU.ActiveCfg = Release|Any CPU
		{23FC8B4E-EE8D-4D35-B71A-0E52CB8FB9C6}.Release|Any CPU.Build.0 = Release|Any CPU
	EndGlobalSection
	GlobalSection(SolutionProperties) = preSolution
		HideSolutionNode = FALSE
	EndGlobalSection
EndGlobal
